
Microsoft Visual Studio Solution File, Format Version 12.00
# Visual Studio Version 17
VisualStudioVersion = 17.3.32901.215
MinimumVisualStudioVersion = 10.0.40219.1
Project("{FAE04EC0-301F-11D3-BF4B-00C04F79EFBC}") = "Lab_rob3_3", "Lab_rob3_3\Lab_rob3_3.csproj", "{4208F5E4-D168-442A-87B4-71425524339E}"
EndProject
Global
	GlobalSection(SolutionConfigurationPlatforms) = preSolution
		Debug|Any CPU = Debug|Any CPU
		Release|Any CPU = Release|Any CPU
	EndGlobalSection
	GlobalSection(ProjectConfigurationPlatforms) = postSolution
		{4208F5E4-D168-442A-87B4-71425524339E}.Debug|Any CPU.ActiveCfg = Debug|Any CPU
		{4208F5E4-D168-442A-87B4-71425524339E}.Debug|Any CPU.Build.0 = Debug|Any CPU
		{4208F5E4-D168-442A-87B4-71425524339E}.Release|Any CPU.ActiveCfg = Release|Any CPU
		{4208F5E4-D168-442A-87B4-71425524339E}.Release|Any CPU.Build.0 = Release|Any CPU
	EndGlobalSection
	GlobalSection(SolutionProperties) = preSolution
		HideSolutionNode = FALSE
	EndGlobalSection
	GlobalSection(ExtensibilityGlobals) = postSolution
		SolutionGuid = {A7872572-13E2-4560-AEF6-4DE5E99D365A}
	EndGlobalSection
EndGlobal
